
Microsoft Visual Studio Solution File, Format Version 12.00
# Visual Studio Version 16
VisualStudioVersion = 16.0.31729.503
MinimumVisualStudioVersion = 10.0.40219.1
Project("{FAE04EC0-301F-11D3-BF4B-00C04F79EFBC}") = "DepartamentoCoreCRUD", "DepartamentoCoreCRUD\DepartamentoCoreCRUD.csproj", "{1AE19453-81CE-4DF6-A9CC-C182F6334816}"
EndProject
Global
	GlobalSection(SolutionConfigurationPlatforms) = preSolution
		Debug|Any CPU = Debug|Any CPU
		Release|Any CPU = Release|Any CPU
	EndGlobalSection
	GlobalSection(ProjectConfigurationPlatforms) = postSolution
		{1AE19453-81CE-4DF6-A9CC-C182F6334816}.Debug|Any CPU.ActiveCfg = Debug|Any CPU
		{1AE19453-81CE-4DF6-A9CC-C182F6334816}.Debug|Any CPU.Build.0 = Debug|Any CPU
		{1AE19453-81CE-4DF6-A9CC-C182F6334816}.Release|Any CPU.ActiveCfg = Release|Any CPU
		{1AE19453-81CE-4DF6-A9CC-C182F6334816}.Release|Any CPU.Build.0 = Release|Any CPU
	EndGlobalSection
	GlobalSection(SolutionProperties) = preSolution
		HideSolutionNode = FALSE
	EndGlobalSection
	GlobalSection(ExtensibilityGlobals) = postSolution
		SolutionGuid = {4F820008-1171-4A49-BB7D-85D18EC1483A}
	EndGlobalSection
EndGlobal
